
Microsoft Visual Studio Solution File, Format Version 10.00
# Visual Studio 2008
Project("{FAE04EC0-301F-11D3-BF4B-00C04F79EFBC}") = "Core", "Core\Core.csproj", "{9C81B684-40CC-472A-804D-7C0F963315F5}"
EndProject
Project("{FAE04EC0-301F-11D3-BF4B-00C04F79EFBC}") = "Infrastructure", "Infrastructure\Infrastructure.csproj", "{FBE3CFE2-CAC1-4652-9F49-18F35B65123D}"
EndProject
Project("{FAE04EC0-301F-11D3-BF4B-00C04F79EFBC}") = "UI", "UI\UI.csproj", "{98200972-A038-4DA8-8917-CBC4895175DC}"
EndProject
Global
	GlobalSection(SolutionConfigurationPlatforms) = preSolution
		AutomatedDebug|Any CPU = AutomatedDebug|Any CPU
		Debug|Any CPU = Debug|Any CPU
		Release|Any CPU = Release|Any CPU
	EndGlobalSection
	GlobalSection(ProjectConfigurationPlatforms) = postSolution
		{9C81B684-40CC-472A-804D-7C0F963315F5}.AutomatedDebug|Any CPU.ActiveCfg = Debug|Any CPU
		{9C81B684-40CC-472A-804D-7C0F963315F5}.AutomatedDebug|Any CPU.Build.0 = Debug|Any CPU
		{9C81B684-40CC-472A-804D-7C0F963315F5}.Debug|Any CPU.ActiveCfg = Debug|Any CPU
		{9C81B684-40CC-472A-804D-7C0F963315F5}.Debug|Any CPU.Build.0 = Debug|Any CPU
		{9C81B684-40CC-472A-804D-7C0F963315F5}.Release|Any CPU.ActiveCfg = Release|Any CPU
		{9C81B684-40CC-472A-804D-7C0F963315F5}.Release|Any CPU.Build.0 = Release|Any CPU
		{FBE3CFE2-CAC1-4652-9F49-18F35B65123D}.AutomatedDebug|Any CPU.ActiveCfg = Debug|Any CPU
		{FBE3CFE2-CAC1-4652-9F49-18F35B65123D}.AutomatedDebug|Any CPU.Build.0 = Debug|Any CPU
		{FBE3CFE2-CAC1-4652-9F49-18F35B65123D}.Debug|Any CPU.ActiveCfg = Debug|Any CPU
		{FBE3CFE2-CAC1-4652-9F49-18F35B65123D}.Debug|Any CPU.Build.0 = Debug|Any CPU
		{FBE3CFE2-CAC1-4652-9F49-18F35B65123D}.Release|Any CPU.ActiveCfg = Release|Any CPU
		{FBE3CFE2-CAC1-4652-9F49-18F35B65123D}.Release|Any CPU.Build.0 = Release|Any CPU
		{98200972-A038-4DA8-8917-CBC4895175DC}.AutomatedDebug|Any CPU.ActiveCfg = Debug|Any CPU
		{98200972-A038-4DA8-8917-CBC4895175DC}.AutomatedDebug|Any CPU.Build.0 = Debug|Any CPU
		{98200972-A038-4DA8-8917-CBC4895175DC}.Debug|Any CPU.ActiveCfg = Debug|Any CPU
		{98200972-A038-4DA8-8917-CBC4895175DC}.Debug|Any CPU.Build.0 = Debug|Any CPU
		{98200972-A038-4DA8-8917-CBC4895175DC}.Release|Any CPU.ActiveCfg = Release|Any CPU
		{98200972-A038-4DA8-8917-CBC4895175DC}.Release|Any CPU.Build.0 = Release|Any CPU
	EndGlobalSection
	GlobalSection(SolutionProperties) = preSolution
		HideSolutionNode = FALSE
	EndGlobalSection
	GlobalSection(MonoDevelopProperties) = preSolution
		StartupItem = UI\UI.csproj
	EndGlobalSection
EndGlobal
